
Microsoft Visual Studio Solution File, Format Version 12.00
# Visual Studio Version 16
VisualStudioVersion = 16.0.30406.217
MinimumVisualStudioVersion = 10.0.40219.1
Project("{FAE04EC0-301F-11D3-BF4B-00C04F79EFBC}") = "WindowsFormsApp3", "WindowsFormsApp3\WindowsFormsApp3.csproj", "{C49FD162-A683-4D99-B0A7-CCA05F2C6399}"
EndProject
Global
	GlobalSection(SolutionConfigurationPlatforms) = preSolution
		Debug|Any CPU = Debug|Any CPU
		Release|Any CPU = Release|Any CPU
	EndGlobalSection
	GlobalSection(ProjectConfigurationPlatforms) = postSolution
		{C49FD162-A683-4D99-B0A7-CCA05F2C6399}.Debug|Any CPU.ActiveCfg = Debug|Any CPU
		{C49FD162-A683-4D99-B0A7-CCA05F2C6399}.Debug|Any CPU.Build.0 = Debug|Any CPU
		{C49FD162-A683-4D99-B0A7-CCA05F2C6399}.Release|Any CPU.ActiveCfg = Release|Any CPU
		{C49FD162-A683-4D99-B0A7-CCA05F2C6399}.Release|Any CPU.Build.0 = Release|Any CPU
	EndGlobalSection
	GlobalSection(SolutionProperties) = preSolution
		HideSolutionNode = FALSE
	EndGlobalSection
	GlobalSection(ExtensibilityGlobals) = postSolution
		SolutionGuid = {1703DFE6-DF9F-430A-9AF3-57EC11CB967B}
	EndGlobalSection
EndGlobal
